
Microsoft Visual Studio Solution File, Format Version 12.00
# Visual Studio 15
VisualStudioVersion = 15.0.26730.16
MinimumVisualStudioVersion = 10.0.40219.1
Project("{FAE04EC0-301F-11D3-BF4B-00C04F79EFBC}") = "XFDG.App.Android", "XFDG.App\XFDG.App.Android\XFDG.App.Android.csproj", "{B785676B-EBB2-44F1-9932-785A955E8AF4}"
EndProject
Project("{FAE04EC0-301F-11D3-BF4B-00C04F79EFBC}") = "XFDG.App.iOS", "XFDG.App\XFDG.App.iOS\XFDG.App.iOS.csproj", "{B18A2EB2-8F26-44B8-A5D5-261B6EF74746}"
EndProject
Project("{FAE04EC0-301F-11D3-BF4B-00C04F79EFBC}") = "XFDG.App.Core", "XFDG.App.Core\XFDG.App.Core.csproj", "{5543C99F-43B7-4EF0-AE70-75AF3D4B5318}"
EndProject
Global
	GlobalSection(SolutionConfigurationPlatforms) = preSolution
		Ad-Hoc|Any CPU = Ad-Hoc|Any CPU
		Ad-Hoc|ARM = Ad-Hoc|ARM
		Ad-Hoc|iPhone = Ad-Hoc|iPhone
		Ad-Hoc|iPhoneSimulator = Ad-Hoc|iPhoneSimulator
		Ad-Hoc|x64 = Ad-Hoc|x64
		Ad-Hoc|x86 = Ad-Hoc|x86
		AppStore|Any CPU = AppStore|Any CPU
		AppStore|ARM = AppStore|ARM
		AppStore|iPhone = AppStore|iPhone
		AppStore|iPhoneSimulator = AppStore|iPhoneSimulator
		AppStore|x64 = AppStore|x64
		AppStore|x86 = AppStore|x86
		Debug|Any CPU = Debug|Any CPU
		Debug|ARM = Debug|ARM
		Debug|iPhone = Debug|iPhone
		Debug|iPhoneSimulator = Debug|iPhoneSimulator
		Debug|x64 = Debug|x64
		Debug|x86 = Debug|x86
		Release|Any CPU = Release|Any CPU
		Release|ARM = Release|ARM
		Release|iPhone = Release|iPhone
		Release|iPhoneSimulator = Release|iPhoneSimulator
		Release|x64 = Release|x64
		Release|x86 = Release|x86
	EndGlobalSection
	GlobalSection(ProjectConfigurationPlatforms) = postSolution
		{B785676B-EBB2-44F1-9932-785A955E8AF4}.Ad-Hoc|Any CPU.ActiveCfg = Release|Any CPU
		{B785676B-EBB2-44F1-9932-785A955E8AF4}.Ad-Hoc|Any CPU.Build.0 = Release|Any CPU
		{B785676B-EBB2-44F1-9932-785A955E8AF4}.Ad-Hoc|Any CPU.Deploy.0 = Release|Any CPU
		{B785676B-EBB2-44F1-9932-785A955E8AF4}.Ad-Hoc|ARM.ActiveCfg = Release|Any CPU
		{B785676B-EBB2-44F1-9932-785A955E8AF4}.Ad-Hoc|ARM.Build.0 = Release|Any CPU
		{B785676B-EBB2-44F1-9932-785A955E8AF4}.Ad-Hoc|ARM.Deploy.0 = Release|Any CPU
		{B785676B-EBB2-44F1-9932-785A955E8AF4}.Ad-Hoc|iPhone.ActiveCfg = Release|Any CPU
		{B785676B-EBB2-44F1-9932-785A955E8AF4}.Ad-Hoc|iPhone.Build.0 = Release|Any CPU
		{B785676B-EBB2-44F1-9932-785A955E8AF4}.Ad-Hoc|iPhone.Deploy.0 = Release|Any CPU
		{B785676B-EBB2-44F1-9932-785A955E8AF4}.Ad-Hoc|iPhoneSimulator.ActiveCfg = Release|Any CPU
		{B785676B-EBB2-44F1-9932-785A955E8AF4}.Ad-Hoc|iPhoneSimulator.Build.0 = Release|Any CPU
		{B785676B-EBB2-44F1-9932-785A955E8AF4}.Ad-Hoc|iPhoneSimulator.Deploy.0 = Release|Any CPU
		{B785676B-EBB2-44F1-9932-785A955E8AF4}.Ad-Hoc|x64.ActiveCfg = Release|Any CPU
		{B785676B-EBB2-44F1-9932-785A955E8AF4}.Ad-Hoc|x64.Build.0 = Release|Any CPU
		{B785676B-EBB2-44F1-9932-785A955E8AF4}.Ad-Hoc|x64.Deploy.0 = Release|Any CPU
		{B785676B-EBB2-44F1-9932-785A955E8AF4}.Ad-Hoc|x86.ActiveCfg = Release|Any CPU
		{B785676B-EBB2-44F1-9932-785A955E8AF4}.Ad-Hoc|x86.Build.0 = Release|Any CPU
		{B785676B-EBB2-44F1-9932-785A955E8AF4}.Ad-Hoc|x86.Deploy.0 = Release|Any CPU
		{B785676B-EBB2-44F1-9932-785A955E8AF4}.AppStore|Any CPU.ActiveCfg = Release|Any CPU
		{B785676B-EBB2-44F1-9932-785A955E8AF4}.AppStore|Any CPU.Build.0 = Release|Any CPU
		{B785676B-EBB2-44F1-9932-785A955E8AF4}.AppStore|Any CPU.Deploy.0 = Release|Any CPU
		{B785676B-EBB2-44F1-9932-785A955E8AF4}.AppStore|ARM.ActiveCfg = Release|Any CPU
		{B785676B-EBB2-44F1-9932-785A955E8AF4}.AppStore|ARM.Build.0 = Release|Any CPU
		{B785676B-EBB2-44F1-9932-785A955E8AF4}.AppStore|ARM.Deploy.0 = Release|Any CPU
		{B785676B-EBB2-44F1-9932-785A955E8AF4}.AppStore|iPhone.ActiveCfg = Release|Any CPU
		{B785676B-EBB2-44F1-9932-785A955E8AF4}.AppStore|iPhone.Build.0 = Release|Any CPU
		{B785676B-EBB2-44F1-9932-785A955E8AF4}.AppStore|iPhone.Deploy.0 = Release|Any CPU
		{B785676B-EBB2-44F1-9932-785A955E8AF4}.AppStore|iPhoneSimulator.ActiveCfg = Release|Any CPU
		{B785676B-EBB2-44F1-9932-785A955E8AF4}.AppStore|iPhoneSimulator.Build.0 = Release|Any CPU
		{B785676B-EBB2-44F1-9932-785A955E8AF4}.AppStore|iPhoneSimulator.Deploy.0 = Release|Any CPU
		{B785676B-EBB2-44F1-9932-785A955E8AF4}.AppStore|x64.ActiveCfg = Release|Any CPU
		{B785676B-EBB2-44F1-9932-785A955E8AF4}.AppStore|x64.Build.0 = Release|Any CPU
		{B785676B-EBB2-44F1-9932-785A955E8AF4}.AppStore|x64.Deploy.0 = Release|Any CPU
		{B785676B-EBB2-44F1-9932-785A955E8AF4}.AppStore|x86.ActiveCfg = Release|Any CPU
		{B785676B-EBB2-44F1-9932-785A955E8AF4}.AppStore|x86.Build.0 = Release|Any CPU
		{B785676B-EBB2-44F1-9932-785A955E8AF4}.AppStore|x86.Deploy.0 = Release|Any CPU
		{B785676B-EBB2-44F1-9932-785A955E8AF4}.Debug|Any CPU.ActiveCfg = Debug|Any CPU
		{B785676B-EBB2-44F1-9932-785A955E8AF4}.Debug|Any CPU.Build.0 = Debug|Any CPU
		{B785676B-EBB2-44F1-9932-785A955E8AF4}.Debug|Any CPU.Deploy.0 = Debug|Any CPU
		{B785676B-EBB2-44F1-9932-785A955E8AF4}.Debug|ARM.ActiveCfg = Debug|Any CPU
		{B785676B-EBB2-44F1-9932-785A955E8AF4}.Debug|ARM.Build.0 = Debug|Any CPU
		{B785676B-EBB2-44F1-9932-785A955E8AF4}.Debug|ARM.Deploy.0 = Debug|Any CPU
		{B785676B-EBB2-44F1-9932-785A955E8AF4}.Debug|iPhone.ActiveCfg = Debug|Any CPU
		{B785676B-EBB2-44F1-9932-785A955E8AF4}.Debug|iPhone.Build.0 = Debug|Any CPU
		{B785676B-EBB2-44F1-9932-785A955E8AF4}.Debug|iPhone.Deploy.0 = Debug|Any CPU
		{B785676B-EBB2-44F1-9932-785A955E8AF4}.Debug|iPhoneSimulator.ActiveCfg = Debug|Any CPU
		{B785676B-EBB2-44F1-9932-785A955E8AF4}.Debug|iPhoneSimulator.Build.0 = Debug|Any CPU
		{B785676B-EBB2-44F1-9932-785A955E8AF4}.Debug|iPhoneSimulator.Deploy.0 = Debug|Any CPU
		{B785676B-EBB2-44F1-9932-785A955E8AF4}.Debug|x64.ActiveCfg = Debug|Any CPU
		{B785676B-EBB2-44F1-9932-785A955E8AF4}.Debug|x64.Build.0 = Debug|Any CPU
		{B785676B-EBB2-44F1-9932-785A955E8AF4}.Debug|x64.Deploy.0 = Debug|Any CPU
		{B785676B-EBB2-44F1-9932-785A955E8AF4}.Debug|x86.ActiveCfg = Debug|Any CPU
		{B785676B-EBB2-44F1-9932-785A955E8AF4}.Debug|x86.Build.0 = Debug|Any CPU
		{B785676B-EBB2-44F1-9932-785A955E8AF4}.Debug|x86.Deploy.0 = Debug|Any CPU
		{B785676B-EBB2-44F1-9932-785A955E8AF4}.Release|Any CPU.ActiveCfg = Release|Any CPU
		{B785676B-EBB2-44F1-9932-785A955E8AF4}.Release|Any CPU.Build.0 = Release|Any CPU
		{B785676B-EBB2-44F1-9932-785A955E8AF4}.Release|Any CPU.Deploy.0 = Release|Any CPU
		{B785676B-EBB2-44F1-9932-785A955E8AF4}.Release|ARM.ActiveCfg = Release|Any CPU
		{B785676B-EBB2-44F1-9932-785A955E8AF4}.Release|ARM.Build.0 = Release|Any CPU
		{B785676B-EBB2-44F1-9932-785A955E8AF4}.Release|ARM.Deploy.0 = Release|Any CPU
		{B785676B-EBB2-44F1-9932-785A955E8AF4}.Release|iPhone.ActiveCfg = Release|Any CPU
		{B785676B-EBB2-44F1-9932-785A955E8AF4}.Release|iPhone.Build.0 = Release|Any CPU
		{B785676B-EBB2-44F1-9932-785A955E8AF4}.Release|iPhone.Deploy.0 = Release|Any CPU
		{B785676B-EBB2-44F1-9932-785A955E8AF4}.Release|iPhoneSimulator.ActiveCfg = Release|Any CPU
		{B785676B-EBB2-44F1-9932-785A955E8AF4}.Release|iPhoneSimulator.Build.0 = Release|Any CPU
		{B785676B-EBB2-44F1-9932-785A955E8AF4}.Release|iPhoneSimulator.Deploy.0 = Release|Any CPU
		{B785676B-EBB2-44F1-9932-785A955E8AF4}.Release|x64.ActiveCfg = Release|Any CPU
		{B785676B-EBB2-44F1-9932-785A955E8AF4}.Release|x64.Build.0 = Release|Any CPU
		{B785676B-EBB2-44F1-9932-785A955E8AF4}.Release|x64.Deploy.0 = Release|Any CPU
		{B785676B-EBB2-44F1-9932-785A955E8AF4}.Release|x86.ActiveCfg = Release|Any CPU
		{B785676B-EBB2-44F1-9932-785A955E8AF4}.Release|x86.Build.0 = Release|Any CPU
		{B785676B-EBB2-44F1-9932-785A955E8AF4}.Release|x86.Deploy.0 = Release|Any CPU
		{B18A2EB2-8F26-44B8-A5D5-261B6EF74746}.Ad-Hoc|Any CPU.ActiveCfg = Ad-Hoc|iPhone
		{B18A2EB2-8F26-44B8-A5D5-261B6EF74746}.Ad-Hoc|ARM.ActiveCfg = Ad-Hoc|iPhone
		{B18A2EB2-8F26-44B8-A5D5-261B6EF74746}.Ad-Hoc|iPhone.ActiveCfg = Ad-Hoc|iPhone
		{B18A2EB2-8F26-44B8-A5D5-261B6EF74746}.Ad-Hoc|iPhone.Build.0 = Ad-Hoc|iPhone
		{B18A2EB2-8F26-44B8-A5D5-261B6EF74746}.Ad-Hoc|iPhoneSimulator.ActiveCfg = Ad-Hoc|iPhoneSimulator
		{B18A2EB2-8F26-44B8-A5D5-261B6EF74746}.Ad-Hoc|iPhoneSimulator.Build.0 = Ad-Hoc|iPhoneSimulator
		{B18A2EB2-8F26-44B8-A5D5-261B6EF74746}.Ad-Hoc|x64.ActiveCfg = Ad-Hoc|iPhone
		{B18A2EB2-8F26-44B8-A5D5-261B6EF74746}.Ad-Hoc|x86.ActiveCfg = Ad-Hoc|iPhone
		{B18A2EB2-8F26-44B8-A5D5-261B6EF74746}.AppStore|Any CPU.ActiveCfg = AppStore|iPhone
		{B18A2EB2-8F26-44B8-A5D5-261B6EF74746}.AppStore|ARM.ActiveCfg = AppStore|iPhone
		{B18A2EB2-8F26-44B8-A5D5-261B6EF74746}.AppStore|iPhone.ActiveCfg = AppStore|iPhone
		{B18A2EB2-8F26-44B8-A5D5-261B6EF74746}.AppStore|iPhone.Build.0 = AppStore|iPhone
		{B18A2EB2-8F26-44B8-A5D5-261B6EF74746}.AppStore|iPhoneSimulator.ActiveCfg = AppStore|iPhoneSimulator
		{B18A2EB2-8F26-44B8-A5D5-261B6EF74746}.AppStore|iPhoneSimulator.Build.0 = AppStore|iPhoneSimulator
		{B18A2EB2-8F26-44B8-A5D5-261B6EF74746}.AppStore|x64.ActiveCfg = AppStore|iPhone
		{B18A2EB2-8F26-44B8-A5D5-261B6EF74746}.AppStore|x86.ActiveCfg = AppStore|iPhone
		{B18A2EB2-8F26-44B8-A5D5-261B6EF74746}.Debug|Any CPU.ActiveCfg = Debug|iPhone
		{B18A2EB2-8F26-44B8-A5D5-261B6EF74746}.Debug|ARM.ActiveCfg = Debug|iPhone
		{B18A2EB2-8F26-44B8-A5D5-261B6EF74746}.Debug|iPhone.ActiveCfg = Debug|iPhone
		{B18A2EB2-8F26-44B8-A5D5-261B6EF74746}.Debug|iPhone.Build.0 = Debug|iPhone
		{B18A2EB2-8F26-44B8-A5D5-261B6EF74746}.Debug|iPhoneSimulator.ActiveCfg = Debug|iPhoneSimulator
		{B18A2EB2-8F26-44B8-A5D5-261B6EF74746}.Debug|iPhoneSimulator.Build.0 = Debug|iPhoneSimulator
		{B18A2EB2-8F26-44B8-A5D5-261B6EF74746}.Debug|x64.ActiveCfg = Debug|iPhone
		{B18A2EB2-8F26-44B8-A5D5-261B6EF74746}.Debug|x86.ActiveCfg = Debug|iPhone
		{B18A2EB2-8F26-44B8-A5D5-261B6EF74746}.Release|Any CPU.ActiveCfg = Release|iPhone
		{B18A2EB2-8F26-44B8-A5D5-261B6EF74746}.Release|ARM.ActiveCfg = Release|iPhone
		{B18A2EB2-8F26-44B8-A5D5-261B6EF74746}.Release|iPhone.ActiveCfg = Release|iPhone
		{B18A2EB2-8F26-44B8-A5D5-261B6EF74746}.Release|iPhone.Build.0 = Release|iPhone
		{B18A2EB2-8F26-44B8-A5D5-261B6EF74746}.Release|iPhoneSimulator.ActiveCfg = Release|iPhoneSimulator
		{B18A2EB2-8F26-44B8-A5D5-261B6EF74746}.Release|iPhoneSimulator.Build.0 = Release|iPhoneSimulator
		{B18A2EB2-8F26-44B8-A5D5-261B6EF74746}.Release|x64.ActiveCfg = Release|iPhone
		{B18A2EB2-8F26-44B8-A5D5-261B6EF74746}.Release|x86.ActiveCfg = Release|iPhone
		{5543C99F-43B7-4EF0-AE70-75AF3D4B5318}.Ad-Hoc|Any CPU.ActiveCfg = Debug|Any CPU
		{5543C99F-43B7-4EF0-AE70-75AF3D4B5318}.Ad-Hoc|Any CPU.Build.0 = Debug|Any CPU
		{5543C99F-43B7-4EF0-AE70-75AF3D4B5318}.Ad-Hoc|ARM.ActiveCfg = Debug|Any CPU
		{5543C99F-43B7-4EF0-AE70-75AF3D4B5318}.Ad-Hoc|ARM.Build.0 = Debug|Any CPU
		{5543C99F-43B7-4EF0-AE70-75AF3D4B5318}.Ad-Hoc|iPhone.ActiveCfg = Debug|Any CPU
		{5543C99F-43B7-4EF0-AE70-75AF3D4B5318}.Ad-Hoc|iPhone.Build.0 = Debug|Any CPU
		{5543C99F-43B7-4EF0-AE70-75AF3D4B5318}.Ad-Hoc|iPhoneSimulator.ActiveCfg = Debug|Any CPU
		{5543C99F-43B7-4EF0-AE70-75AF3D4B5318}.Ad-Hoc|iPhoneSimulator.Build.0 = Debug|Any CPU
		{5543C99F-43B7-4EF0-AE70-75AF3D4B5318}.Ad-Hoc|x64.ActiveCfg = Debug|Any CPU
		{5543C99F-43B7-4EF0-AE70-75AF3D4B5318}.Ad-Hoc|x64.Build.0 = Debug|Any CPU
		{5543C99F-43B7-4EF0-AE70-75AF3D4B5318}.Ad-Hoc|x86.ActiveCfg = Debug|Any CPU
		{5543C99F-43B7-4EF0-AE70-75AF3D4B5318}.Ad-Hoc|x86.Build.0 = Debug|Any CPU
		{5543C99F-43B7-4EF0-AE70-75AF3D4B5318}.AppStore|Any CPU.ActiveCfg = Debug|Any CPU
		{5543C99F-43B7-4EF0-AE70-75AF3D4B5318}.AppStore|Any CPU.Build.0 = Debug|Any CPU
		{5543C99F-43B7-4EF0-AE70-75AF3D4B5318}.AppStore|ARM.ActiveCfg = Debug|Any CPU
		{5543C99F-43B7-4EF0-AE70-75AF3D4B5318}.AppStore|ARM.Build.0 = Debug|Any CPU
		{5543C99F-43B7-4EF0-AE70-75AF3D4B5318}.AppStore|iPhone.ActiveCfg = Debug|Any CPU
		{5543C99F-43B7-4EF0-AE70-75AF3D4B5318}.AppStore|iPhone.Build.0 = Debug|Any CPU
		{5543C99F-43B7-4EF0-AE70-75AF3D4B5318}.AppStore|iPhoneSimulator.ActiveCfg = Debug|Any CPU
		{5543C99F-43B7-4EF0-AE70-75AF3D4B5318}.AppStore|iPhoneSimulator.Build.0 = Debug|Any CPU
		{5543C99F-43B7-4EF0-AE70-75AF3D4B5318}.AppStore|x64.ActiveCfg = Debug|Any CPU
		{5543C99F-43B7-4EF0-AE70-75AF3D4B5318}.AppStore|x64.Build.0 = Debug|Any CPU
		{5543C99F-43B7-4EF0-AE70-75AF3D4B5318}.AppStore|x86.ActiveCfg = Debug|Any CPU
		{5543C99F-43B7-4EF0-AE70-75AF3D4B5318}.AppStore|x86.Build.0 = Debug|Any CPU
		{5543C99F-43B7-4EF0-AE70-75AF3D4B5318}.Debug|Any CPU.ActiveCfg = Debug|Any CPU
		{5543C99F-43B7-4EF0-AE70-75AF3D4B5318}.Debug|Any CPU.Build.0 = Debug|Any CPU
		{5543C99F-43B7-4EF0-AE70-75AF3D4B5318}.Debug|ARM.ActiveCfg = Debug|Any CPU
		{5543C99F-43B7-4EF0-AE70-75AF3D4B5318}.Debug|ARM.Build.0 = Debug|Any CPU
		{5543C99F-43B7-4EF0-AE70-75AF3D4B5318}.Debug|iPhone.ActiveCfg = Debug|Any CPU
		{5543C99F-43B7-4EF0-AE70-75AF3D4B5318}.Debug|iPhone.Build.0 = Debug|Any CPU
		{5543C99F-43B7-4EF0-AE70-75AF3D4B5318}.Debug|iPhoneSimulator.ActiveCfg = Debug|Any CPU
		{5543C99F-43B7-4EF0-AE70-75AF3D4B5318}.Debug|iPhoneSimulator.Build.0 = Debug|Any CPU
		{5543C99F-43B7-4EF0-AE70-75AF3D4B5318}.Debug|x64.ActiveCfg = Debug|Any CPU
		{5543C99F-43B7-4EF0-AE70-75AF3D4B5318}.Debug|x64.Build.0 = Debug|Any CPU
		{5543C99F-43B7-4EF0-AE70-75AF3D4B5318}.Debug|x86.ActiveCfg = Debug|Any CPU
		{5543C99F-43B7-4EF0-AE70-75AF3D4B5318}.Debug|x86.Build.0 = Debug|Any CPU
		{5543C99F-43B7-4EF0-AE70-75AF3D4B5318}.Release|Any CPU.ActiveCfg = Release|Any CPU
		{5543C99F-43B7-4EF0-AE70-75AF3D4B5318}.Release|Any CPU.Build.0 = Release|Any CPU
		{5543C99F-43B7-4EF0-AE70-75AF3D4B5318}.Release|ARM.ActiveCfg = Release|Any CPU
		{5543C99F-43B7-4EF0-AE70-75AF3D4B5318}.Release|ARM.Build.0 = Release|Any CPU
		{5543C99F-43B7-4EF0-AE70-75AF3D4B5318}.Release|iPhone.ActiveCfg = Release|Any CPU
		{5543C99F-43B7-4EF0-AE70-75AF3D4B5318}.Release|iPhone.Build.0 = Release|Any CPU
		{5543C99F-43B7-4EF0-AE70-75AF3D4B5318}.Release|iPhoneSimulator.ActiveCfg = Release|Any CPU
		{5543C99F-43B7-4EF0-AE70-75AF3D4B5318}.Release|iPhoneSimulator.Build.0 = Release|Any CPU
		{5543C99F-43B7-4EF0-AE70-75AF3D4B5318}.Release|x64.ActiveCfg = Release|Any CPU
		{5543C99F-43B7-4EF0-AE70-75AF3D4B5318}.Release|x64.Build.0 = Release|Any CPU
		{5543C99F-43B7-4EF0-AE70-75AF3D4B5318}.Release|x86.ActiveCfg = Release|Any CPU
		{5543C99F-43B7-4EF0-AE70-75AF3D4B5318}.Release|x86.Build.0 = Release|Any CPU
	EndGlobalSection
	GlobalSection(SolutionProperties) = preSolution
		HideSolutionNode = FALSE
	EndGlobalSection
	GlobalSection(ExtensibilityGlobals) = postSolution
		SolutionGuid = {64D76681-6ACA-496B-B125-C5FFF3EB50EF}
	EndGlobalSection
EndGlobal
